{
  "name": "@frontend-mv--uilib-components/sui-movie-poster",
  "version": "1.0.0",
  "lockfileVersion": 2,
  "requires": true,
  "packages": {
    "": {
      "name": "@frontend-mv--uilib-components/sui-movie-poster",
      "version": "1.0.0",
      "license": "MIT",
      "peerDependencies": {
        "@s-ui/theme": "8"
      }
    },
    "node_modules/@s-ui/theme": {
      "version": "8.113.0",
      "resolved": "https://registry.npmjs.org/@s-ui/theme/-/theme-8.113.0.tgz",
      "integrity": "sha512-3o+k8pGWu3SBsw3O2EmoDf9xg07nXPWsdkmaVpriYEs40cF3vti1XGE3bJJYbhu5pu0z4dReqA68nb+hPzMIMA==",
      "peer": true
    }
  },
  "dependencies": {
    "@s-ui/theme": {
      "version": "8.113.0",
      "resolved": "https://registry.npmjs.org/@s-ui/theme/-/theme-8.113.0.tgz",
      "integrity": "sha512-3o+k8pGWu3SBsw3O2EmoDf9xg07nXPWsdkmaVpriYEs40cF3vti1XGE3bJJYbhu5pu0z4dReqA68nb+hPzMIMA==",
      "peer": true
    }
  }
}
