{
  "name": "@frontend-mv--uilib-components/sui-movie-info",
  "version": "1.0.0",
  "lockfileVersion": 2,
  "requires": true,
  "packages": {
    "": {
      "name": "@frontend-mv--uilib-components/sui-movie-info",
      "version": "1.0.0",
      "license": "MIT",
      "peerDependencies": {
        "@s-ui/theme": "8"
      }
    },
    "node_modules/@s-ui/theme": {
      "version": "8.116.0",
      "resolved": "https://registry.npmjs.org/@s-ui/theme/-/theme-8.116.0.tgz",
      "integrity": "sha512-KQ1e3Al1FWPYDXOVsvVU/fWTLzaO0OFx3gBJXr/l/Id9EC4LGTlMenZkmh1OJWObVvyWevwn7ULqoH1UV8+sAQ==",
      "peer": true
    }
  },
  "dependencies": {
    "@s-ui/theme": {
      "version": "8.116.0",
      "resolved": "https://registry.npmjs.org/@s-ui/theme/-/theme-8.116.0.tgz",
      "integrity": "sha512-KQ1e3Al1FWPYDXOVsvVU/fWTLzaO0OFx3gBJXr/l/Id9EC4LGTlMenZkmh1OJWObVvyWevwn7ULqoH1UV8+sAQ==",
      "peer": true
    }
  }
}
